// !$*UTF8*$!
{
	archiveVersion = 1;
	classes = {
	};
	objectVersion = 46;
	objects = {

/* Begin PBXBuildFile section */
		CC71C17E1BBE16DA00772EDB /* AppDelegate.swift in Sources */ = {isa = PBXBuildFile; fileRef = CC71C17D1BBE16DA00772EDB /* AppDelegate.swift */; };
		CC71C1801BBE16DA00772EDB /* ViewController.swift in Sources */ = {isa = PBXBuildFile; fileRef = CC71C17F1BBE16DA00772EDB /* ViewController.swift */; };
		CC71C1831BBE16DA00772EDB /* Main.storyboard in Resources */ = {isa = PBXBuildFile; fileRef = CC71C1811BBE16DA00772EDB /* Main.storyboard */; };
		CC71C1851BBE16DA00772EDB /* Assets.xcassets in Resources */ = {isa = PBXBuildFile; fileRef = CC71C1841BBE16DA00772EDB /* Assets.xcassets */; };
		CC71C1881BBE16DA00772EDB /* LaunchScreen.storyboard in Resources */ = {isa = PBXBuildFile; fileRef = CC71C1861BBE16DA00772EDB /* LaunchScreen.storyboard */; };
/* End PBXBuildFile section */

/* Begin PBXFileReference section */
		CC71C17A1BBE16DA00772EDB /* ArrayDiffExample.app */ = {isa = PBXFileReference; explicitFileType = wrapper.application; includeInIndex = 0; path = ArrayDiffExample.app; sourceTree = BUILT_PRODUCTS_DIR; };
		CC71C17D1BBE16DA00772EDB /* AppDelegate.swift */ = {isa = PBXFileReference; lastKnownFileType = sourcecode.swift; path = AppDelegate.swift; sourceTree = "<group>"; };
		CC71C17F1BBE16DA00772EDB /* ViewController.swift */ = {isa = PBXFileReference; lastKnownFileType = sourcecode.swift; path = ViewController.swift; sourceTree = "<group>"; };
		CC71C1821BBE16DA00772EDB /* Base */ = {isa = PBXFileReference; lastKnownFileType = file.storyboard; name = Base; path = Base.lproj/Main.storyboard; sourceTree = "<group>"; };
		CC71C1841BBE16DA00772EDB /* Assets.xcassets */ = {isa = PBXFileReference; lastKnownFileType = folder.assetcatalog; path = Assets.xcassets; sourceTree = "<group>"; };
		CC71C1871BBE16DA00772EDB /* Base */ = {isa = PBXFileReference; lastKnownFileType = file.storyboard; name = Base; path = Base.lproj/LaunchScreen.storyboard; sourceTree = "<group>"; };
		CC71C1891BBE16DA00772EDB /* Info.plist */ = {isa = PBXFileReference; lastKnownFileType = text.plist.xml; path = Info.plist; sourceTree = "<group>"; };
/* End PBXFileReference section */

/* Begin PBXFrameworksBuildPhase section */
		CC71C1771BBE16DA00772EDB /* Frameworks */ = {
			isa = PBXFrameworksBuildPhase;
			buildActionMask = 2147483647;
			files = (
			);
			runOnlyForDeploymentPostprocessing = 0;
		};
/* End PBXFrameworksBuildPhase section */

/* Begin PBXGroup section */
		CC71C1711BBE16DA00772EDB = {
			isa = PBXGroup;
			children = (
				CC71C17C1BBE16DA00772EDB /* ArrayDiffExample */,
				CC71C17B1BBE16DA00772EDB /* Products */,
			);
			sourceTree = "<group>";
		};
		CC71C17B1BBE16DA00772EDB /* Products */ = {
			isa = PBXGroup;
			children = (
				CC71C17A1BBE16DA00772EDB /* ArrayDiffExample.app */,
			);
			name = Products;
			sourceTree = "<group>";
		};
		CC71C17C1BBE16DA00772EDB /* ArrayDiffExample */ = {
			isa = PBXGroup;
			children = (
				CC71C17D1BBE16DA00772EDB /* AppDelegate.swift */,
				CC71C17F1BBE16DA00772EDB /* ViewController.swift */,
				CC71C1811BBE16DA00772EDB /* Main.storyboard */,
				CC71C1841BBE16DA00772EDB /* Assets.xcassets */,
				CC71C1861BBE16DA00772EDB /* LaunchScreen.storyboard */,
				CC71C1891BBE16DA00772EDB /* Info.plist */,
			);
			path = ArrayDiffExample;
			sourceTree = "<group>";
		};
/* End PBXGroup section */

/* Begin PBXNativeTarget section */
		CC71C1791BBE16DA00772EDB /* ArrayDiffExample */ = {
			isa = PBXNativeTarget;
			buildConfigurationList = CC71C18C1BBE16DA00772EDB /* Build configuration list for PBXNativeTarget "ArrayDiffExample" */;
			buildPhases = (
				CC71C1761BBE16DA00772EDB /* Sources */,
				CC71C1771BBE16DA00772EDB /* Frameworks */,
				CC71C1781BBE16DA00772EDB /* Resources */,
			);
			buildRules = (
			);
			dependencies = (
			);
			name = ArrayDiffExample;
			productName = ArrayDiffExample;
			productReference = CC71C17A1BBE16DA00772EDB /* ArrayDiffExample.app */;
			productType = "com.apple.product-type.application";
		};
/* End PBXNativeTarget section */

/* Begin PBXProject section */
		CC71C1721BBE16DA00772EDB /* Project object */ = {
			isa = PBXProject;
			attributes = {
				LastUpgradeCheck = 0700;
				ORGANIZATIONNAME = "Adlai Holler";
				TargetAttributes = {
					CC71C1791BBE16DA00772EDB = {
						CreatedOnToolsVersion = 7.0.1;
					};
				};
			};
			buildConfigurationList = CC71C1751BBE16DA00772EDB /* Build configuration list for PBXProject "ArrayDiffExample" */;
			compatibilityVersion = "Xcode 3.2";
			developmentRegion = English;
			hasScannedForEncodings = 0;
			knownRegions = (
				en,
				Base,
			);
			mainGroup = CC71C1711BBE16DA00772EDB;
			productRefGroup = CC71C17B1BBE16DA00772EDB /* Products */;
			projectDirPath = "";
			projectRoot = "";
			targets = (
				CC71C1791BBE16DA00772EDB /* ArrayDiffExample */,
			);
		};
/* End PBXProject section */

/* Begin PBXResourcesBuildPhase section */
		CC71C1781BBE16DA00772EDB /* Resources */ = {
			isa = PBXResourcesBuildPhase;
			buildActionMask = 2147483647;
			files = (
				CC71C1881BBE16DA00772EDB /* LaunchScreen.storyboard in Resources */,
				CC71C1851BBE16DA00772EDB /* Assets.xcassets in Resources */,
				CC71C1831BBE16DA00772EDB /* Main.storyboard in Resources */,
			);
			runOnlyForDeploymentPostprocessing = 0;
		};
/* End PBXResourcesBuildPhase section */

/* Begin PBXSourcesBuildPhase section */
		CC71C1761BBE16DA00772EDB /* Sources */ = {
			isa = PBXSourcesBuildPhase;
			buildActionMask = 2147483647;
			files = (
				CC71C1801BBE16DA00772EDB /* ViewController.swift in Sources */,
				CC71C17E1BBE16DA00772EDB /* AppDelegate.swift in Sources */,
			);
			runOnlyForDeploymentPostprocessing = 0;
		};
/* End PBXSourcesBuildPhase section */

/* Begin PBXVariantGroup section */
		CC71C1811BBE16DA00772EDB /* Main.storyboard */ = {
			isa = PBXVariantGroup;
			children = (
				CC71C1821BBE16DA00772EDB /* Base */,
			);
			name = Main.storyboard;
			sourceTree = "<group>";
		};
		CC71C1861BBE16DA00772EDB /* LaunchScreen.storyboard */ = {
			isa = PBXVariantGroup;
			children = (
				CC71C1871BBE16DA00772EDB /* Base */,
			);
			name = LaunchScreen.storyboard;
			sourceTree = "<group>";
		};
/* End PBXVariantGroup section */

/* Begin XCBuildConfiguration section */
		CC71C18A1BBE16DA00772EDB /* Debug */ = {
			isa = XCBuildConfiguration;
			buildSettings = {
				ALWAYS_SEARCH_USER_PATHS = NO;
				CLANG_CXX_LANGUAGE_STANDARD = "gnu++0x";
				CLANG_CXX_LIBRARY = "libc++";
				CLANG_ENABLE_MODULES = YES;
				CLANG_ENABLE_OBJC_ARC = YES;
				CLANG_WARN_BOOL_CONVERSION = YES;
				CLANG_WARN_CONSTANT_CONVERSION = YES;
				CLANG_WARN_DIRECT_OBJC_ISA_USAGE = YES_ERROR;
				CLANG_WARN_EMPTY_BODY = YES;
				CLANG_WARN_ENUM_CONVERSION = YES;
				CLANG_WARN_INT_CONVERSION = YES;
				CLANG_WARN_OBJC_ROOT_CLASS = YES_ERROR;
				CLANG_WARN_UNREACHABLE_CODE = YES;
				CLANG_WARN__DUPLICATE_METHOD_MATCH = YES;
				"CODE_SIGN_IDENTITY[sdk=iphoneos*]" = "iPhone Developer";
				COPY_PHASE_STRIP = NO;
				DEBUG_INFORMATION_FORMAT = dwarf;
				ENABLE_STRICT_OBJC_MSGSEND = YES;
				ENABLE_TESTABILITY = YES;
				GCC_C_LANGUAGE_STANDARD = gnu99;
				GCC_DYNAMIC_NO_PIC = NO;
				GCC_NO_COMMON_BLOCKS = YES;
				GCC_OPTIMIZATION_LEVEL = 0;
				GCC_PREPROCESSOR_DEFINITIONS = (
					"DEBUG=1",
					"$(inherited)",
				);
				GCC_WARN_64_TO_32_BIT_CONVERSION = YES;
				GCC_WARN_ABOUT_RETURN_TYPE = YES_ERROR;
				GCC_WARN_UNDECLARED_SELECTOR = YES;
				GCC_WARN_UNINITIALIZED_AUTOS = YES_AGGRESSIVE;
				GCC_WARN_UNUSED_FUNCTION = YES;
				GCC_WARN_UNUSED_VARIABLE = YES;
				IPHONEOS_DEPLOYMENT_TARGET = 9.0;
				MTL_ENABLE_DEBUG_INFO = YES;
				ONLY_ACTIVE_ARCH = YES;
				SDKROOT = iphoneos;
				SWIFT_OPTIMIZATION_LEVEL = "-Onone";
			};
			name = Debug;
		};
		CC71C18B1BBE16DA00772EDB /* Release */ = {
			isa = XCBuildConfiguration;
			buildSettings = {
				ALWAYS_SEARCH_USER_PATHS = NO;
				CLANG_CXX_LANGUAGE_STANDARD = "gnu++0x";
				CLANG_CXX_LIBRARY = "libc++";
				CLANG_ENABLE_MODULES = YES;
				CLANG_ENABLE_OBJC_ARC = YES;
				CLANG_WARN_BOOL_CONVERSION = YES;
				CLANG_WARN_CONSTANT_CONVERSION = YES;
				CLANG_WARN_DIRECT_OBJC_ISA_USAGE = YES_ERROR;
				CLANG_WARN_EMPTY_BODY = YES;
				CLANG_WARN_ENUM_CONVERSION = YES;
				CLANG_WARN_INT_CONVERSION = YES;
				CLANG_WARN_OBJC_ROOT_CLASS = YES_ERROR;
				CLANG_WARN_UNREACHABLE_CODE = YES;
				CLANG_WARN__DUPLICATE_METHOD_MATCH = YES;
				"CODE_SIGN_IDENTITY[sdk=iphoneos*]" = "iPhone Developer";
				COPY_PHASE_STRIP = NO;
				DEBUG_INFORMATION_FORMAT = "dwarf-with-dsym";
				ENABLE_NS_ASSERTIONS = NO;
				ENABLE_STRICT_OBJC_MSGSEND = YES;
				GCC_C_LANGUAGE_STANDARD = gnu99;
				GCC_NO_COMMON_BLOCKS = YES;
				GCC_WARN_64_TO_32_BIT_CONVERSION = YES;
				GCC_WARN_ABOUT_RETURN_TYPE = YES_ERROR;
				GCC_WARN_UNDECLARED_SELECTOR = YES;
				GCC_WARN_UNINITIALIZED_AUTOS = YES_AGGRESSIVE;
				GCC_WARN_UNUSED_FUNCTION = YES;
				GCC_WARN_UNUSED_VARIABLE = YES;
				IPHONEOS_DEPLOYMENT_TARGET = 9.0;
				MTL_ENABLE_DEBUG_INFO = NO;
				SDKROOT = iphoneos;
				VALIDATE_PRODUCT = YES;
			};
			name = Release;
		};
		CC71C18D1BBE16DA00772EDB /* Debug */ = {
			isa = XCBuildConfiguration;
			buildSettings = {
				ASSETCATALOG_COMPILER_APPICON_NAME = AppIcon;
				INFOPLIST_FILE = ArrayDiffExample/Info.plist;
				LD_RUNPATH_SEARCH_PATHS = "$(inherited) @executable_path/Frameworks";
				PRODUCT_BUNDLE_IDENTIFIER = adlai.ArrayDiffExample;
				PRODUCT_NAME = "$(TARGET_NAME)";
			};
			name = Debug;
		};
		CC71C18E1BBE16DA00772EDB /* Release */ = {
			isa = XCBuildConfiguration;
			buildSettings = {
				ASSETCATALOG_COMPILER_APPICON_NAME = AppIcon;
				INFOPLIST_FILE = ArrayDiffExample/Info.plist;
				LD_RUNPATH_SEARCH_PATHS = "$(inherited) @executable_path/Frameworks";
				PRODUCT_BUNDLE_IDENTIFIER = adlai.ArrayDiffExample;
				PRODUCT_NAME = "$(TARGET_NAME)";
			};
			name = Release;
		};
/* End XCBuildConfiguration section */

/* Begin XCConfigurationList section */
		CC71C1751BBE16DA00772EDB /* Build configuration list for PBXProject "ArrayDiffExample" */ = {
			isa = XCConfigurationList;
			buildConfigurations = (
				CC71C18A1BBE16DA00772EDB /* Debug */,
				CC71C18B1BBE16DA00772EDB /* Release */,
			);
			defaultConfigurationIsVisible = 0;
			defaultConfigurationName = Release;
		};
		CC71C18C1BBE16DA00772EDB /* Build configuration list for PBXNativeTarget "ArrayDiffExample" */ = {
			isa = XCConfigurationList;
			buildConfigurations = (
				CC71C18D1BBE16DA00772EDB /* Debug */,
				CC71C18E1BBE16DA00772EDB /* Release */,
			);
			defaultConfigurationIsVisible = 0;
		};
/* End XCConfigurationList section */
	};
	rootObject = CC71C1721BBE16DA00772EDB /* Project object */;
}
